
Microsoft Visual Studio Solution File, Format Version 12.00
# Visual Studio 14
VisualStudioVersion = 14.0.25420.1
MinimumVisualStudioVersion = 10.0.40219.1
Project("{FAE04EC0-301F-11D3-BF4B-00C04F79EFBC}") = "RedisStressConsole1", "RedisStressConsole1\RedisStressConsole1.csproj", "{D334DD8C-3842-4EF8-B1D2-17FAD86A1A6D}"
EndProject
Project("{FAE04EC0-301F-11D3-BF4B-00C04F79EFBC}") = "RedisGUI1", "RedisGUI1\RedisGUI1.csproj", "{4A0FEEE1-B392-4BED-9939-6957A4E8BA3B}"
EndProject
Project("{FAE04EC0-301F-11D3-BF4B-00C04F79EFBC}") = "RedisUtil", "RedisUtil\RedisUtil.csproj", "{07CFE26A-3A08-4E6E-869E-A0B36F70610F}"
EndProject
Project("{FAE04EC0-301F-11D3-BF4B-00C04F79EFBC}") = "Web", "Web\Web.csproj", "{3B6A2326-2DFA-48DB-92B0-62398955B6EA}"
EndProject
Project("{FAE04EC0-301F-11D3-BF4B-00C04F79EFBC}") = "Dal", "Dal\Dal.csproj", "{861FC3E2-DC77-4275-9D0A-1B804692695B}"
EndProject
Project("{FAE04EC0-301F-11D3-BF4B-00C04F79EFBC}") = "DbGateway", "DbGateway\DbGateway.csproj", "{D5B82212-5B45-48DF-B247-828B98171E51}"
EndProject
Project("{FAE04EC0-301F-11D3-BF4B-00C04F79EFBC}") = "AppServer", "AppServer\AppServer.csproj", "{85E58C88-7D02-461E-A0DE-67EC8C42F13C}"
EndProject
Global
	GlobalSection(SolutionConfigurationPlatforms) = preSolution
		Debug|Any CPU = Debug|Any CPU
		Release|Any CPU = Release|Any CPU
	EndGlobalSection
	GlobalSection(ProjectConfigurationPlatforms) = postSolution
		{D334DD8C-3842-4EF8-B1D2-17FAD86A1A6D}.Debug|Any CPU.ActiveCfg = Debug|Any CPU
		{D334DD8C-3842-4EF8-B1D2-17FAD86A1A6D}.Debug|Any CPU.Build.0 = Debug|Any CPU
		{D334DD8C-3842-4EF8-B1D2-17FAD86A1A6D}.Release|Any CPU.ActiveCfg = Release|Any CPU
		{D334DD8C-3842-4EF8-B1D2-17FAD86A1A6D}.Release|Any CPU.Build.0 = Release|Any CPU
		{4A0FEEE1-B392-4BED-9939-6957A4E8BA3B}.Debug|Any CPU.ActiveCfg = Debug|Any CPU
		{4A0FEEE1-B392-4BED-9939-6957A4E8BA3B}.Debug|Any CPU.Build.0 = Debug|Any CPU
		{4A0FEEE1-B392-4BED-9939-6957A4E8BA3B}.Release|Any CPU.ActiveCfg = Release|Any CPU
		{4A0FEEE1-B392-4BED-9939-6957A4E8BA3B}.Release|Any CPU.Build.0 = Release|Any CPU
		{07CFE26A-3A08-4E6E-869E-A0B36F70610F}.Debug|Any CPU.ActiveCfg = Debug|Any CPU
		{07CFE26A-3A08-4E6E-869E-A0B36F70610F}.Debug|Any CPU.Build.0 = Debug|Any CPU
		{07CFE26A-3A08-4E6E-869E-A0B36F70610F}.Release|Any CPU.ActiveCfg = Release|Any CPU
		{07CFE26A-3A08-4E6E-869E-A0B36F70610F}.Release|Any CPU.Build.0 = Release|Any CPU
		{3B6A2326-2DFA-48DB-92B0-62398955B6EA}.Debug|Any CPU.ActiveCfg = Debug|Any CPU
		{3B6A2326-2DFA-48DB-92B0-62398955B6EA}.Debug|Any CPU.Build.0 = Debug|Any CPU
		{3B6A2326-2DFA-48DB-92B0-62398955B6EA}.Release|Any CPU.ActiveCfg = Release|Any CPU
		{3B6A2326-2DFA-48DB-92B0-62398955B6EA}.Release|Any CPU.Build.0 = Release|Any CPU
		{861FC3E2-DC77-4275-9D0A-1B804692695B}.Debug|Any CPU.ActiveCfg = Debug|Any CPU
		{861FC3E2-DC77-4275-9D0A-1B804692695B}.Debug|Any CPU.Build.0 = Debug|Any CPU
		{861FC3E2-DC77-4275-9D0A-1B804692695B}.Release|Any CPU.ActiveCfg = Release|Any CPU
		{861FC3E2-DC77-4275-9D0A-1B804692695B}.Release|Any CPU.Build.0 = Release|Any CPU
		{D5B82212-5B45-48DF-B247-828B98171E51}.Debug|Any CPU.ActiveCfg = Debug|Any CPU
		{D5B82212-5B45-48DF-B247-828B98171E51}.Debug|Any CPU.Build.0 = Debug|Any CPU
		{D5B82212-5B45-48DF-B247-828B98171E51}.Release|Any CPU.ActiveCfg = Release|Any CPU
		{D5B82212-5B45-48DF-B247-828B98171E51}.Release|Any CPU.Build.0 = Release|Any CPU
		{85E58C88-7D02-461E-A0DE-67EC8C42F13C}.Debug|Any CPU.ActiveCfg = Debug|Any CPU
		{85E58C88-7D02-461E-A0DE-67EC8C42F13C}.Debug|Any CPU.Build.0 = Debug|Any CPU
		{85E58C88-7D02-461E-A0DE-67EC8C42F13C}.Release|Any CPU.ActiveCfg = Release|Any CPU
		{85E58C88-7D02-461E-A0DE-67EC8C42F13C}.Release|Any CPU.Build.0 = Release|Any CPU
	EndGlobalSection
	GlobalSection(SolutionProperties) = preSolution
		HideSolutionNode = FALSE
	EndGlobalSection
EndGlobal
